
Microsoft Visual Studio Solution File, Format Version 12.00
# Visual Studio Version 17
VisualStudioVersion = 17.9.34607.119
MinimumVisualStudioVersion = 10.0.40219.1
Project("{888888A0-9F3D-457C-B088-3A5042F75D52}") = "server", "server\server.pyproj", "{FD95D069-65B0-4FA2-9C6A-17DBEBC2225D}"
EndProject
Global
	GlobalSection(SolutionConfigurationPlatforms) = preSolution
		Debug|Any CPU = Debug|Any CPU
		Release|Any CPU = Release|Any CPU
	EndGlobalSection
	GlobalSection(ProjectConfigurationPlatforms) = postSolution
		{FD95D069-65B0-4FA2-9C6A-17DBEBC2225D}.Debug|Any CPU.ActiveCfg = Debug|Any CPU
		{FD95D069-65B0-4FA2-9C6A-17DBEBC2225D}.Release|Any CPU.ActiveCfg = Release|Any CPU
	EndGlobalSection
	GlobalSection(SolutionProperties) = preSolution
		HideSolutionNode = FALSE
	EndGlobalSection
	GlobalSection(ExtensibilityGlobals) = postSolution
		SolutionGuid = {1DD533C5-598E-4105-8C31-5C5E784A1EAB}
	EndGlobalSection
EndGlobal
